<Solution>
  <Project Path="c-sharp-vol2/c-sharp-vol2.csproj" />
  <Project Path="davaleba 7/davaleba 7.csproj" />
  <Project Path="davaleba10/davaleba10.csproj" Id="acd59c35-3e04-4e53-8600-5443f7a9f01d" />
  <Project Path="davaleba11/davaleba11.csproj" Id="cf7233fd-aa35-4138-ae3e-9e1e83de5839" />
  <Project Path="davaleba13/davaleba13.csproj" Id="fc7370b8-2f6f-4ae5-87e7-b5d772af142c" />
  <Project Path="davaleba14/davaleba14.csproj" Id="aa8fce6a-7635-4ee6-b452-a0dc18f7a2fa" />
  <Project Path="davaleba4/davaleba4.csproj" Id="7b4fab1f-6245-42aa-bd21-26961ef32e7e" />
  <Project Path="davaleba8/davaleba8.csproj" Id="5db6a3df-2704-4c5a-b361-923b572a349c" />
  <Project Path="davaleba9/davaleba9.csproj" Id="3e7dc601-fdee-4de7-bfbb-aa1fd9f3c5b2" />
  <Project Path="genericsaklaso/genericsaklaso.csproj" Id="75cca5d3-d03d-49ca-93b6-057122e71e01" />
  <Project Path="saklaso/saklaso.csproj" Id="9d602072-b813-4f53-85a8-9732c385d569" />
</Solution>
